
Microsoft Visual Studio Solution File, Format Version 12.00
# Visual Studio Version 17
VisualStudioVersion = 17.2.32602.215
MinimumVisualStudioVersion = 10.0.40219.1
Project("{9A19103F-16F7-4668-BE54-9A1E7A4F7556}") = "ChargeBow", "ChargeBow.csproj", "{8D165B2F-8C74-4682-BA52-3F05942D8F72}"
EndProject
Global
	GlobalSection(SolutionConfigurationPlatforms) = preSolution
		Debug|Any CPU = Debug|Any CPU
		Release|Any CPU = Release|Any CPU
	EndGlobalSection
	GlobalSection(ProjectConfigurationPlatforms) = postSolution
		{8D165B2F-8C74-4682-BA52-3F05942D8F72}.Debug|Any CPU.ActiveCfg = Debug|Any CPU
		{8D165B2F-8C74-4682-BA52-3F05942D8F72}.Debug|Any CPU.Build.0 = Debug|Any CPU
		{8D165B2F-8C74-4682-BA52-3F05942D8F72}.Release|Any CPU.ActiveCfg = Release|Any CPU
		{8D165B2F-8C74-4682-BA52-3F05942D8F72}.Release|Any CPU.Build.0 = Release|Any CPU
	EndGlobalSection
	GlobalSection(SolutionProperties) = preSolution
		HideSolutionNode = FALSE
	EndGlobalSection
	GlobalSection(ExtensibilityGlobals) = postSolution
		SolutionGuid = {44934409-9C2A-4C85-A614-F2F7D7A79CA7}
	EndGlobalSection
EndGlobal
